
Microsoft Visual Studio Solution File, Format Version 12.00
Project("{FAE04EC0-301F-11D3-BF4B-00C04F79EFBC}") = "CharacterCopierKata", "CharacterCopierKata\CharacterCopierKata.csproj", "{FDB14089-5B43-456B-B1F9-66865CB78816}"
EndProject
Project("{FAE04EC0-301F-11D3-BF4B-00C04F79EFBC}") = "CharacterCopierKata.Tests", "CharacterCopierKata.Tests\CharacterCopierKata.Tests.csproj", "{BBB0E25D-4758-483C-A8BB-6F21DED556A7}"
EndProject
Global
	GlobalSection(SolutionConfigurationPlatforms) = preSolution
		Debug|Any CPU = Debug|Any CPU
		Release|Any CPU = Release|Any CPU
	EndGlobalSection
	GlobalSection(ProjectConfigurationPlatforms) = postSolution
		{FDB14089-5B43-456B-B1F9-66865CB78816}.Debug|Any CPU.ActiveCfg = Debug|Any CPU
		{FDB14089-5B43-456B-B1F9-66865CB78816}.Debug|Any CPU.Build.0 = Debug|Any CPU
		{FDB14089-5B43-456B-B1F9-66865CB78816}.Release|Any CPU.ActiveCfg = Release|Any CPU
		{FDB14089-5B43-456B-B1F9-66865CB78816}.Release|Any CPU.Build.0 = Release|Any CPU
		{BBB0E25D-4758-483C-A8BB-6F21DED556A7}.Debug|Any CPU.ActiveCfg = Debug|Any CPU
		{BBB0E25D-4758-483C-A8BB-6F21DED556A7}.Debug|Any CPU.Build.0 = Debug|Any CPU
		{BBB0E25D-4758-483C-A8BB-6F21DED556A7}.Release|Any CPU.ActiveCfg = Release|Any CPU
		{BBB0E25D-4758-483C-A8BB-6F21DED556A7}.Release|Any CPU.Build.0 = Release|Any CPU
	EndGlobalSection
EndGlobal
